
Microsoft Visual Studio Solution File, Format Version 12.00
# Visual Studio Version 17
VisualStudioVersion = 17.2.32505.173
MinimumVisualStudioVersion = 10.0.40219.1
Project("{FAE04EC0-301F-11D3-BF4B-00C04F79EFBC}") = "RestorationAutomationSystem", "RestorationAutomationSystem\RestorationAutomationSystem.csproj", "{DAA8C258-63E7-431B-8079-CAFB2EAE9805}"
EndProject
Global
	GlobalSection(SolutionConfigurationPlatforms) = preSolution
		Debug|Any CPU = Debug|Any CPU
		Release|Any CPU = Release|Any CPU
	EndGlobalSection
	GlobalSection(ProjectConfigurationPlatforms) = postSolution
		{DAA8C258-63E7-431B-8079-CAFB2EAE9805}.Debug|Any CPU.ActiveCfg = Debug|Any CPU
		{DAA8C258-63E7-431B-8079-CAFB2EAE9805}.Debug|Any CPU.Build.0 = Debug|Any CPU
		{DAA8C258-63E7-431B-8079-CAFB2EAE9805}.Release|Any CPU.ActiveCfg = Release|Any CPU
		{DAA8C258-63E7-431B-8079-CAFB2EAE9805}.Release|Any CPU.Build.0 = Release|Any CPU
	EndGlobalSection
	GlobalSection(SolutionProperties) = preSolution
		HideSolutionNode = FALSE
	EndGlobalSection
	GlobalSection(ExtensibilityGlobals) = postSolution
		SolutionGuid = {DD382635-DDC3-4C2E-B9A2-BB4F221F8600}
	EndGlobalSection
EndGlobal
